// !$*UTF8*$!
{
	archiveVersion = 1;
	classes = {
	};
	objectVersion = 46;
	objects = {

/* Begin PBXBuildFile section */
		D096EA471E5F430200C573A1 /* Shader.frag in Resources */ = {isa = PBXBuildFile; fileRef = D096EA441E5F430200C573A1 /* Shader.frag */; };
		D096EA481E5F430200C573A1 /* Shader.vert in Resources */ = {isa = PBXBuildFile; fileRef = D096EA451E5F430200C573A1 /* Shader.vert */; };
		D09CEE251E502F9E00328FAD /* AppDelegate.swift in Sources */ = {isa = PBXBuildFile; fileRef = D09CEE241E502F9E00328FAD /* AppDelegate.swift */; };
		D09CEE271E502F9E00328FAD /* WideColorsViewController.swift in Sources */ = {isa = PBXBuildFile; fileRef = D09CEE261E502F9E00328FAD /* WideColorsViewController.swift */; };
		D09CEE2A1E502F9E00328FAD /* Main.storyboard in Resources */ = {isa = PBXBuildFile; fileRef = D09CEE281E502F9E00328FAD /* Main.storyboard */; };
		D09CEE2C1E502F9E00328FAD /* Assets.xcassets in Resources */ = {isa = PBXBuildFile; fileRef = D09CEE2B1E502F9E00328FAD /* Assets.xcassets */; };
		D09CEE2F1E502F9E00328FAD /* LaunchScreen.storyboard in Resources */ = {isa = PBXBuildFile; fileRef = D09CEE2D1E502F9E00328FAD /* LaunchScreen.storyboard */; };
		D09CEE381E50301400328FAD /* insta-logo.png in Resources */ = {isa = PBXBuildFile; fileRef = D09CEE371E50301400328FAD /* insta-logo.png */; };
		D09CEE3A1E50315300328FAD /* OpenGL.swift in Sources */ = {isa = PBXBuildFile; fileRef = D09CEE391E50315300328FAD /* OpenGL.swift */; };
		D09CEE3C1E512FF300328FAD /* CoreGraphicsView.swift in Sources */ = {isa = PBXBuildFile; fileRef = D09CEE3B1E512FF300328FAD /* CoreGraphicsView.swift */; };
		D0A1834C1E576FFF001776A9 /* colors-default.png in Resources */ = {isa = PBXBuildFile; fileRef = D0A183491E576FFF001776A9 /* colors-default.png */; };
		D0A1834D1E576FFF001776A9 /* colors-p3.png in Resources */ = {isa = PBXBuildFile; fileRef = D0A1834A1E576FFF001776A9 /* colors-p3.png */; };
		D0A1834E1E576FFF001776A9 /* colors-srgb.png in Resources */ = {isa = PBXBuildFile; fileRef = D0A1834B1E576FFF001776A9 /* colors-srgb.png */; };
		D0A183501E5C9748001776A9 /* Metal.swift in Sources */ = {isa = PBXBuildFile; fileRef = D0A1834F1E5C9748001776A9 /* Metal.swift */; };
/* End PBXBuildFile section */

/* Begin PBXFileReference section */
		D096EA441E5F430200C573A1 /* Shader.frag */ = {isa = PBXFileReference; fileEncoding = 4; lastKnownFileType = sourcecode.glsl; path = Shader.frag; sourceTree = "<group>"; };
		D096EA451E5F430200C573A1 /* Shader.vert */ = {isa = PBXFileReference; fileEncoding = 4; lastKnownFileType = sourcecode.glsl; path = Shader.vert; sourceTree = "<group>"; };
		D09CEE211E502F9E00328FAD /* WideColors.app */ = {isa = PBXFileReference; explicitFileType = wrapper.application; includeInIndex = 0; path = WideColors.app; sourceTree = BUILT_PRODUCTS_DIR; };
		D09CEE241E502F9E00328FAD /* AppDelegate.swift */ = {isa = PBXFileReference; lastKnownFileType = sourcecode.swift; path = AppDelegate.swift; sourceTree = "<group>"; };
		D09CEE261E502F9E00328FAD /* WideColorsViewController.swift */ = {isa = PBXFileReference; lastKnownFileType = sourcecode.swift; path = WideColorsViewController.swift; sourceTree = "<group>"; };
		D09CEE291E502F9E00328FAD /* Base */ = {isa = PBXFileReference; lastKnownFileType = file.storyboard; name = Base; path = Base.lproj/Main.storyboard; sourceTree = "<group>"; };
		D09CEE2B1E502F9E00328FAD /* Assets.xcassets */ = {isa = PBXFileReference; lastKnownFileType = folder.assetcatalog; path = Assets.xcassets; sourceTree = "<group>"; };
		D09CEE2E1E502F9E00328FAD /* Base */ = {isa = PBXFileReference; lastKnownFileType = file.storyboard; name = Base; path = Base.lproj/LaunchScreen.storyboard; sourceTree = "<group>"; };
		D09CEE301E502F9E00328FAD /* Info.plist */ = {isa = PBXFileReference; lastKnownFileType = text.plist.xml; path = Info.plist; sourceTree = "<group>"; };
		D09CEE371E50301400328FAD /* insta-logo.png */ = {isa = PBXFileReference; lastKnownFileType = image.png; path = "insta-logo.png"; sourceTree = "<group>"; };
		D09CEE391E50315300328FAD /* OpenGL.swift */ = {isa = PBXFileReference; fileEncoding = 4; lastKnownFileType = sourcecode.swift; path = OpenGL.swift; sourceTree = "<group>"; };
		D09CEE3B1E512FF300328FAD /* CoreGraphicsView.swift */ = {isa = PBXFileReference; fileEncoding = 4; lastKnownFileType = sourcecode.swift; path = CoreGraphicsView.swift; sourceTree = "<group>"; };
		D0A183491E576FFF001776A9 /* colors-default.png */ = {isa = PBXFileReference; lastKnownFileType = image.png; path = "colors-default.png"; sourceTree = "<group>"; };
		D0A1834A1E576FFF001776A9 /* colors-p3.png */ = {isa = PBXFileReference; lastKnownFileType = image.png; path = "colors-p3.png"; sourceTree = "<group>"; };
		D0A1834B1E576FFF001776A9 /* colors-srgb.png */ = {isa = PBXFileReference; lastKnownFileType = image.png; path = "colors-srgb.png"; sourceTree = "<group>"; };
		D0A1834F1E5C9748001776A9 /* Metal.swift */ = {isa = PBXFileReference; fileEncoding = 4; lastKnownFileType = sourcecode.swift; path = Metal.swift; sourceTree = "<group>"; };
/* End PBXFileReference section */

/* Begin PBXFrameworksBuildPhase section */
		D09CEE1E1E502F9E00328FAD /* Frameworks */ = {
			isa = PBXFrameworksBuildPhase;
			buildActionMask = 2147483647;
			files = (
			);
			runOnlyForDeploymentPostprocessing = 0;
		};
/* End PBXFrameworksBuildPhase section */

/* Begin PBXGroup section */
		D096EA461E5F430200C573A1 /* shaders */ = {
			isa = PBXGroup;
			children = (
				D096EA451E5F430200C573A1 /* Shader.vert */,
				D096EA441E5F430200C573A1 /* Shader.frag */,
			);
			path = shaders;
			sourceTree = "<group>";
		};
		D096EA491E5F438F00C573A1 /* images */ = {
			isa = PBXGroup;
			children = (
				D0A183491E576FFF001776A9 /* colors-default.png */,
				D0A1834A1E576FFF001776A9 /* colors-p3.png */,
				D0A1834B1E576FFF001776A9 /* colors-srgb.png */,
			);
			path = images;
			sourceTree = "<group>";
		};
		D09CEE181E502F9E00328FAD = {
			isa = PBXGroup;
			children = (
				D09CEE231E502F9E00328FAD /* WideColors */,
				D09CEE221E502F9E00328FAD /* Products */,
			);
			sourceTree = "<group>";
		};
		D09CEE221E502F9E00328FAD /* Products */ = {
			isa = PBXGroup;
			children = (
				D09CEE211E502F9E00328FAD /* WideColors.app */,
			);
			name = Products;
			sourceTree = "<group>";
		};
		D09CEE231E502F9E00328FAD /* WideColors */ = {
			isa = PBXGroup;
			children = (
				D09CEE361E50301400328FAD /* assets */,
				D09CEE241E502F9E00328FAD /* AppDelegate.swift */,
				D09CEE261E502F9E00328FAD /* WideColorsViewController.swift */,
				D09CEE3B1E512FF300328FAD /* CoreGraphicsView.swift */,
				D09CEE391E50315300328FAD /* OpenGL.swift */,
				D0A1834F1E5C9748001776A9 /* Metal.swift */,
				D09CEE281E502F9E00328FAD /* Main.storyboard */,
				D09CEE2D1E502F9E00328FAD /* LaunchScreen.storyboard */,
				D09CEE2B1E502F9E00328FAD /* Assets.xcassets */,
				D09CEE301E502F9E00328FAD /* Info.plist */,
			);
			path = WideColors;
			sourceTree = "<group>";
		};
		D09CEE361E50301400328FAD /* assets */ = {
			isa = PBXGroup;
			children = (
				D096EA491E5F438F00C573A1 /* images */,
				D096EA461E5F430200C573A1 /* shaders */,
				D09CEE371E50301400328FAD /* insta-logo.png */,
			);
			path = assets;
			sourceTree = "<group>";
		};
/* End PBXGroup section */

/* Begin PBXNativeTarget section */
		D09CEE201E502F9E00328FAD /* WideColors */ = {
			isa = PBXNativeTarget;
			buildConfigurationList = D09CEE331E502F9E00328FAD /* Build configuration list for PBXNativeTarget "WideColors" */;
			buildPhases = (
				D09CEE1D1E502F9E00328FAD /* Sources */,
				D09CEE1E1E502F9E00328FAD /* Frameworks */,
				D09CEE1F1E502F9E00328FAD /* Resources */,
			);
			buildRules = (
			);
			dependencies = (
			);
			name = WideColors;
			productName = WideColors;
			productReference = D09CEE211E502F9E00328FAD /* WideColors.app */;
			productType = "com.apple.product-type.application";
		};
/* End PBXNativeTarget section */

/* Begin PBXProject section */
		D09CEE191E502F9E00328FAD /* Project object */ = {
			isa = PBXProject;
			attributes = {
				LastSwiftUpdateCheck = 0820;
				LastUpgradeCheck = 0820;
				ORGANIZATIONNAME = "Nena Innovation AB";
				TargetAttributes = {
					D09CEE201E502F9E00328FAD = {
						CreatedOnToolsVersion = 8.2.1;
						DevelopmentTeam = 4YQ6UJ3SBV;
						ProvisioningStyle = Automatic;
					};
				};
			};
			buildConfigurationList = D09CEE1C1E502F9E00328FAD /* Build configuration list for PBXProject "WideColors" */;
			compatibilityVersion = "Xcode 3.2";
			developmentRegion = English;
			hasScannedForEncodings = 0;
			knownRegions = (
				en,
				Base,
			);
			mainGroup = D09CEE181E502F9E00328FAD;
			productRefGroup = D09CEE221E502F9E00328FAD /* Products */;
			projectDirPath = "";
			projectRoot = "";
			targets = (
				D09CEE201E502F9E00328FAD /* WideColors */,
			);
		};
/* End PBXProject section */

/* Begin PBXResourcesBuildPhase section */
		D09CEE1F1E502F9E00328FAD /* Resources */ = {
			isa = PBXResourcesBuildPhase;
			buildActionMask = 2147483647;
			files = (
				D096EA471E5F430200C573A1 /* Shader.frag in Resources */,
				D09CEE2F1E502F9E00328FAD /* LaunchScreen.storyboard in Resources */,
				D09CEE2C1E502F9E00328FAD /* Assets.xcassets in Resources */,
				D0A1834E1E576FFF001776A9 /* colors-srgb.png in Resources */,
				D0A1834C1E576FFF001776A9 /* colors-default.png in Resources */,
				D096EA481E5F430200C573A1 /* Shader.vert in Resources */,
				D09CEE381E50301400328FAD /* insta-logo.png in Resources */,
				D0A1834D1E576FFF001776A9 /* colors-p3.png in Resources */,
				D09CEE2A1E502F9E00328FAD /* Main.storyboard in Resources */,
			);
			runOnlyForDeploymentPostprocessing = 0;
		};
/* End PBXResourcesBuildPhase section */

/* Begin PBXSourcesBuildPhase section */
		D09CEE1D1E502F9E00328FAD /* Sources */ = {
			isa = PBXSourcesBuildPhase;
			buildActionMask = 2147483647;
			files = (
				D09CEE271E502F9E00328FAD /* WideColorsViewController.swift in Sources */,
				D0A183501E5C9748001776A9 /* Metal.swift in Sources */,
				D09CEE3A1E50315300328FAD /* OpenGL.swift in Sources */,
				D09CEE3C1E512FF300328FAD /* CoreGraphicsView.swift in Sources */,
				D09CEE251E502F9E00328FAD /* AppDelegate.swift in Sources */,
			);
			runOnlyForDeploymentPostprocessing = 0;
		};
/* End PBXSourcesBuildPhase section */

/* Begin PBXVariantGroup section */
		D09CEE281E502F9E00328FAD /* Main.storyboard */ = {
			isa = PBXVariantGroup;
			children = (
				D09CEE291E502F9E00328FAD /* Base */,
			);
			name = Main.storyboard;
			sourceTree = "<group>";
		};
		D09CEE2D1E502F9E00328FAD /* LaunchScreen.storyboard */ = {
			isa = PBXVariantGroup;
			children = (
				D09CEE2E1E502F9E00328FAD /* Base */,
			);
			name = LaunchScreen.storyboard;
			sourceTree = "<group>";
		};
/* End PBXVariantGroup section */

/* Begin XCBuildConfiguration section */
		D09CEE311E502F9E00328FAD /* Debug */ = {
			isa = XCBuildConfiguration;
			buildSettings = {
				ALWAYS_SEARCH_USER_PATHS = NO;
				CLANG_ANALYZER_NONNULL = YES;
				CLANG_CXX_LANGUAGE_STANDARD = "gnu++0x";
				CLANG_CXX_LIBRARY = "libc++";
				CLANG_ENABLE_MODULES = YES;
				CLANG_ENABLE_OBJC_ARC = YES;
				CLANG_WARN_BOOL_CONVERSION = YES;
				CLANG_WARN_CONSTANT_CONVERSION = YES;
				CLANG_WARN_DIRECT_OBJC_ISA_USAGE = YES_ERROR;
				CLANG_WARN_DOCUMENTATION_COMMENTS = YES;
				CLANG_WARN_EMPTY_BODY = YES;
				CLANG_WARN_ENUM_CONVERSION = YES;
				CLANG_WARN_INFINITE_RECURSION = YES;
				CLANG_WARN_INT_CONVERSION = YES;
				CLANG_WARN_OBJC_ROOT_CLASS = YES_ERROR;
				CLANG_WARN_SUSPICIOUS_MOVE = YES;
				CLANG_WARN_UNREACHABLE_CODE = YES;
				CLANG_WARN__DUPLICATE_METHOD_MATCH = YES;
				"CODE_SIGN_IDENTITY[sdk=iphoneos*]" = "iPhone Developer";
				COPY_PHASE_STRIP = NO;
				DEBUG_INFORMATION_FORMAT = dwarf;
				ENABLE_STRICT_OBJC_MSGSEND = YES;
				ENABLE_TESTABILITY = YES;
				GCC_C_LANGUAGE_STANDARD = gnu99;
				GCC_DYNAMIC_NO_PIC = NO;
				GCC_NO_COMMON_BLOCKS = YES;
				GCC_OPTIMIZATION_LEVEL = 0;
				GCC_PREPROCESSOR_DEFINITIONS = (
					"DEBUG=1",
					"$(inherited)",
				);
				GCC_WARN_64_TO_32_BIT_CONVERSION = YES;
				GCC_WARN_ABOUT_RETURN_TYPE = YES_ERROR;
				GCC_WARN_UNDECLARED_SELECTOR = YES;
				GCC_WARN_UNINITIALIZED_AUTOS = YES_AGGRESSIVE;
				GCC_WARN_UNUSED_FUNCTION = YES;
				GCC_WARN_UNUSED_VARIABLE = YES;
				IPHONEOS_DEPLOYMENT_TARGET = 10.2;
				MTL_ENABLE_DEBUG_INFO = YES;
				ONLY_ACTIVE_ARCH = YES;
				SDKROOT = iphoneos;
				SWIFT_ACTIVE_COMPILATION_CONDITIONS = DEBUG;
				SWIFT_OPTIMIZATION_LEVEL = "-Onone";
				TARGETED_DEVICE_FAMILY = "1,2";
			};
			name = Debug;
		};
		D09CEE321E502F9E00328FAD /* Release */ = {
			isa = XCBuildConfiguration;
			buildSettings = {
				ALWAYS_SEARCH_USER_PATHS = NO;
				CLANG_ANALYZER_NONNULL = YES;
				CLANG_CXX_LANGUAGE_STANDARD = "gnu++0x";
				CLANG_CXX_LIBRARY = "libc++";
				CLANG_ENABLE_MODULES = YES;
				CLANG_ENABLE_OBJC_ARC = YES;
				CLANG_WARN_BOOL_CONVERSION = YES;
				CLANG_WARN_CONSTANT_CONVERSION = YES;
				CLANG_WARN_DIRECT_OBJC_ISA_USAGE = YES_ERROR;
				CLANG_WARN_DOCUMENTATION_COMMENTS = YES;
				CLANG_WARN_EMPTY_BODY = YES;
				CLANG_WARN_ENUM_CONVERSION = YES;
				CLANG_WARN_INFINITE_RECURSION = YES;
				CLANG_WARN_INT_CONVERSION = YES;
				CLANG_WARN_OBJC_ROOT_CLASS = YES_ERROR;
				CLANG_WARN_SUSPICIOUS_MOVE = YES;
				CLANG_WARN_UNREACHABLE_CODE = YES;
				CLANG_WARN__DUPLICATE_METHOD_MATCH = YES;
				"CODE_SIGN_IDENTITY[sdk=iphoneos*]" = "iPhone Developer";
				COPY_PHASE_STRIP = NO;
				DEBUG_INFORMATION_FORMAT = "dwarf-with-dsym";
				ENABLE_NS_ASSERTIONS = NO;
				ENABLE_STRICT_OBJC_MSGSEND = YES;
				GCC_C_LANGUAGE_STANDARD = gnu99;
				GCC_NO_COMMON_BLOCKS = YES;
				GCC_WARN_64_TO_32_BIT_CONVERSION = YES;
				GCC_WARN_ABOUT_RETURN_TYPE = YES_ERROR;
				GCC_WARN_UNDECLARED_SELECTOR = YES;
				GCC_WARN_UNINITIALIZED_AUTOS = YES_AGGRESSIVE;
				GCC_WARN_UNUSED_FUNCTION = YES;
				GCC_WARN_UNUSED_VARIABLE = YES;
				IPHONEOS_DEPLOYMENT_TARGET = 10.2;
				MTL_ENABLE_DEBUG_INFO = NO;
				SDKROOT = iphoneos;
				SWIFT_OPTIMIZATION_LEVEL = "-Owholemodule";
				TARGETED_DEVICE_FAMILY = "1,2";
				VALIDATE_PRODUCT = YES;
			};
			name = Release;
		};
		D09CEE341E502F9E00328FAD /* Debug */ = {
			isa = XCBuildConfiguration;
			buildSettings = {
				ASSETCATALOG_COMPILER_APPICON_NAME = AppIcon;
				DEVELOPMENT_TEAM = 4YQ6UJ3SBV;
				INFOPLIST_FILE = WideColors/Info.plist;
				LD_RUNPATH_SEARCH_PATHS = "$(inherited) @executable_path/Frameworks";
				PRODUCT_BUNDLE_IDENTIFIER = se.nena.WideColors;
				PRODUCT_NAME = "$(TARGET_NAME)";
				SWIFT_VERSION = 3.0;
			};
			name = Debug;
		};
		D09CEE351E502F9E00328FAD /* Release */ = {
			isa = XCBuildConfiguration;
			buildSettings = {
				ASSETCATALOG_COMPILER_APPICON_NAME = AppIcon;
				DEVELOPMENT_TEAM = 4YQ6UJ3SBV;
				INFOPLIST_FILE = WideColors/Info.plist;
				LD_RUNPATH_SEARCH_PATHS = "$(inherited) @executable_path/Frameworks";
				PRODUCT_BUNDLE_IDENTIFIER = se.nena.WideColors;
				PRODUCT_NAME = "$(TARGET_NAME)";
				SWIFT_VERSION = 3.0;
			};
			name = Release;
		};
/* End XCBuildConfiguration section */

/* Begin XCConfigurationList section */
		D09CEE1C1E502F9E00328FAD /* Build configuration list for PBXProject "WideColors" */ = {
			isa = XCConfigurationList;
			buildConfigurations = (
				D09CEE311E502F9E00328FAD /* Debug */,
				D09CEE321E502F9E00328FAD /* Release */,
			);
			defaultConfigurationIsVisible = 0;
			defaultConfigurationName = Release;
		};
		D09CEE331E502F9E00328FAD /* Build configuration list for PBXNativeTarget "WideColors" */ = {
			isa = XCConfigurationList;
			buildConfigurations = (
				D09CEE341E502F9E00328FAD /* Debug */,
				D09CEE351E502F9E00328FAD /* Release */,
			);
			defaultConfigurationIsVisible = 0;
			defaultConfigurationName = Release;
		};
/* End XCConfigurationList section */
	};
	rootObject = D09CEE191E502F9E00328FAD /* Project object */;
}
